
Microsoft Visual Studio Solution File, Format Version 12.00
# Visual Studio Version 17
VisualStudioVersion = 17.6.33513.286
MinimumVisualStudioVersion = 10.0.40219.1
Project("{FAE04EC0-301F-11D3-BF4B-00C04F79EFBC}") = "Imperial Reserve Budget Simulation", "Imperial Reserve Budget Simulation\Imperial Reserve Budget Simulation.csproj", "{9967D3EF-C6D0-4D1C-9CE4-F21D0430EE36}"
EndProject
Global
	GlobalSection(SolutionConfigurationPlatforms) = preSolution
		Debug|Any CPU = Debug|Any CPU
		Release|Any CPU = Release|Any CPU
	EndGlobalSection
	GlobalSection(ProjectConfigurationPlatforms) = postSolution
		{9967D3EF-C6D0-4D1C-9CE4-F21D0430EE36}.Debug|Any CPU.ActiveCfg = Debug|Any CPU
		{9967D3EF-C6D0-4D1C-9CE4-F21D0430EE36}.Debug|Any CPU.Build.0 = Debug|Any CPU
		{9967D3EF-C6D0-4D1C-9CE4-F21D0430EE36}.Release|Any CPU.ActiveCfg = Release|Any CPU
		{9967D3EF-C6D0-4D1C-9CE4-F21D0430EE36}.Release|Any CPU.Build.0 = Release|Any CPU
	EndGlobalSection
	GlobalSection(SolutionProperties) = preSolution
		HideSolutionNode = FALSE
	EndGlobalSection
	GlobalSection(ExtensibilityGlobals) = postSolution
		SolutionGuid = {931B14ED-DD5B-4A3F-A913-C2453E46934B}
	EndGlobalSection
EndGlobal
